
Microsoft Visual Studio Solution File, Format Version 12.00
# Visual Studio 15
VisualStudioVersion = 15.0.27703.2000
MinimumVisualStudioVersion = 10.0.40219.1
Project("{FAE04EC0-301F-11D3-BF4B-00C04F79EFBC}") = "SpeedMod", "SpeedMod.csproj", "{599517CB-3973-4D93-8DAF-47AEF02209CB}"
EndProject
Global
	GlobalSection(SolutionConfigurationPlatforms) = preSolution
		Debug|Any CPU = Debug|Any CPU
		Release|Any CPU = Release|Any CPU
	EndGlobalSection
	GlobalSection(ProjectConfigurationPlatforms) = postSolution
		{599517CB-3973-4D93-8DAF-47AEF02209CB}.Debug|Any CPU.ActiveCfg = Debug|Any CPU
		{599517CB-3973-4D93-8DAF-47AEF02209CB}.Debug|Any CPU.Build.0 = Debug|Any CPU
		{599517CB-3973-4D93-8DAF-47AEF02209CB}.Release|Any CPU.ActiveCfg = Release|Any CPU
		{599517CB-3973-4D93-8DAF-47AEF02209CB}.Release|Any CPU.Build.0 = Release|Any CPU
	EndGlobalSection
	GlobalSection(SolutionProperties) = preSolution
		HideSolutionNode = FALSE
	EndGlobalSection
	GlobalSection(ExtensibilityGlobals) = postSolution
		SolutionGuid = {1BB88DE8-9A63-4233-B52D-73D4DD658A02}
	EndGlobalSection
EndGlobal
